
Microsoft Visual Studio Solution File, Format Version 12.00
# Visual Studio Version 17
VisualStudioVersion = 17.0.31903.59
MinimumVisualStudioVersion = 10.0.40219.1
Project("{FAE04EC0-301F-11D3-BF4B-00C04F79EFBC}") = "API", "API\API.csproj", "{99034F44-30A8-43E5-8FC3-04199B4437FD}"
EndProject
Global
	GlobalSection(SolutionConfigurationPlatforms) = preSolution
		Debug|Any CPU = Debug|Any CPU
		Release|Any CPU = Release|Any CPU
	EndGlobalSection
	GlobalSection(SolutionProperties) = preSolution
		HideSolutionNode = FALSE
	EndGlobalSection
	GlobalSection(ProjectConfigurationPlatforms) = postSolution
		{99034F44-30A8-43E5-8FC3-04199B4437FD}.Debug|Any CPU.ActiveCfg = Debug|Any CPU
		{99034F44-30A8-43E5-8FC3-04199B4437FD}.Debug|Any CPU.Build.0 = Debug|Any CPU
		{99034F44-30A8-43E5-8FC3-04199B4437FD}.Release|Any CPU.ActiveCfg = Release|Any CPU
		{99034F44-30A8-43E5-8FC3-04199B4437FD}.Release|Any CPU.Build.0 = Release|Any CPU
	EndGlobalSection
EndGlobal
